// !$*UTF8*$!
{
	archiveVersion = 1;
	classes = {
	};
	objectVersion = 50;
	objects = {

/* Begin PBXBuildFile section */
		86510079276891D100CFDDE9 /* AppDelegate.swift in Sources */ = {isa = PBXBuildFile; fileRef = 86510078276891D100CFDDE9 /* AppDelegate.swift */; };
		8651007B276891D100CFDDE9 /* SceneDelegate.swift in Sources */ = {isa = PBXBuildFile; fileRef = 8651007A276891D100CFDDE9 /* SceneDelegate.swift */; };
		8651007D276891D100CFDDE9 /* ViewController.swift in Sources */ = {isa = PBXBuildFile; fileRef = 8651007C276891D100CFDDE9 /* ViewController.swift */; };
		86510080276891D100CFDDE9 /* Main.storyboard in Resources */ = {isa = PBXBuildFile; fileRef = 8651007E276891D100CFDDE9 /* Main.storyboard */; };
		86510082276891D200CFDDE9 /* Assets.xcassets in Resources */ = {isa = PBXBuildFile; fileRef = 86510081276891D200CFDDE9 /* Assets.xcassets */; };
		86510085276891D200CFDDE9 /* LaunchScreen.storyboard in Resources */ = {isa = PBXBuildFile; fileRef = 86510083276891D200CFDDE9 /* LaunchScreen.storyboard */; };
		8651008D2768931100CFDDE9 /* BG6.jpg in Resources */ = {isa = PBXBuildFile; fileRef = 8651008C2768931100CFDDE9 /* BG6.jpg */; };
/* End PBXBuildFile section */

/* Begin PBXFileReference section */
		86510075276891D100CFDDE9 /* OddEven.app */ = {isa = PBXFileReference; explicitFileType = wrapper.application; includeInIndex = 0; path = OddEven.app; sourceTree = BUILT_PRODUCTS_DIR; };
		86510078276891D100CFDDE9 /* AppDelegate.swift */ = {isa = PBXFileReference; lastKnownFileType = sourcecode.swift; path = AppDelegate.swift; sourceTree = "<group>"; };
		8651007A276891D100CFDDE9 /* SceneDelegate.swift */ = {isa = PBXFileReference; lastKnownFileType = sourcecode.swift; path = SceneDelegate.swift; sourceTree = "<group>"; };
		8651007C276891D100CFDDE9 /* ViewController.swift */ = {isa = PBXFileReference; lastKnownFileType = sourcecode.swift; path = ViewController.swift; sourceTree = "<group>"; };
		8651007F276891D100CFDDE9 /* Base */ = {isa = PBXFileReference; lastKnownFileType = file.storyboard; name = Base; path = Base.lproj/Main.storyboard; sourceTree = "<group>"; };
		86510081276891D200CFDDE9 /* Assets.xcassets */ = {isa = PBXFileReference; lastKnownFileType = folder.assetcatalog; path = Assets.xcassets; sourceTree = "<group>"; };
		86510084276891D200CFDDE9 /* Base */ = {isa = PBXFileReference; lastKnownFileType = file.storyboard; name = Base; path = Base.lproj/LaunchScreen.storyboard; sourceTree = "<group>"; };
		86510086276891D200CFDDE9 /* Info.plist */ = {isa = PBXFileReference; lastKnownFileType = text.plist.xml; path = Info.plist; sourceTree = "<group>"; };
		8651008C2768931100CFDDE9 /* BG6.jpg */ = {isa = PBXFileReference; lastKnownFileType = image.jpeg; path = BG6.jpg; sourceTree = "<group>"; };
/* End PBXFileReference section */

/* Begin PBXFrameworksBuildPhase section */
		86510072276891D100CFDDE9 /* Frameworks */ = {
			isa = PBXFrameworksBuildPhase;
			buildActionMask = 2147483647;
			files = (
			);
			runOnlyForDeploymentPostprocessing = 0;
		};
/* End PBXFrameworksBuildPhase section */

/* Begin PBXGroup section */
		8651006C276891D100CFDDE9 = {
			isa = PBXGroup;
			children = (
				86510077276891D100CFDDE9 /* OddEven */,
				86510076276891D100CFDDE9 /* Products */,
			);
			sourceTree = "<group>";
		};
		86510076276891D100CFDDE9 /* Products */ = {
			isa = PBXGroup;
			children = (
				86510075276891D100CFDDE9 /* OddEven.app */,
			);
			name = Products;
			sourceTree = "<group>";
		};
		86510077276891D100CFDDE9 /* OddEven */ = {
			isa = PBXGroup;
			children = (
				86510078276891D100CFDDE9 /* AppDelegate.swift */,
				8651007A276891D100CFDDE9 /* SceneDelegate.swift */,
				8651007C276891D100CFDDE9 /* ViewController.swift */,
				8651008C2768931100CFDDE9 /* BG6.jpg */,
				8651007E276891D100CFDDE9 /* Main.storyboard */,
				86510081276891D200CFDDE9 /* Assets.xcassets */,
				86510083276891D200CFDDE9 /* LaunchScreen.storyboard */,
				86510086276891D200CFDDE9 /* Info.plist */,
			);
			path = OddEven;
			sourceTree = "<group>";
		};
/* End PBXGroup section */

/* Begin PBXNativeTarget section */
		86510074276891D100CFDDE9 /* OddEven */ = {
			isa = PBXNativeTarget;
			buildConfigurationList = 86510089276891D200CFDDE9 /* Build configuration list for PBXNativeTarget "OddEven" */;
			buildPhases = (
				86510071276891D100CFDDE9 /* Sources */,
				86510072276891D100CFDDE9 /* Frameworks */,
				86510073276891D100CFDDE9 /* Resources */,
			);
			buildRules = (
			);
			dependencies = (
			);
			name = OddEven;
			productName = OddEven;
			productReference = 86510075276891D100CFDDE9 /* OddEven.app */;
			productType = "com.apple.product-type.application";
		};
/* End PBXNativeTarget section */

/* Begin PBXProject section */
		8651006D276891D100CFDDE9 /* Project object */ = {
			isa = PBXProject;
			attributes = {
				LastSwiftUpdateCheck = 1170;
				LastUpgradeCheck = 1170;
				ORGANIZATIONNAME = vjec;
				TargetAttributes = {
					86510074276891D100CFDDE9 = {
						CreatedOnToolsVersion = 11.7;
					};
				};
			};
			buildConfigurationList = 86510070276891D100CFDDE9 /* Build configuration list for PBXProject "OddEven" */;
			compatibilityVersion = "Xcode 9.3";
			developmentRegion = en;
			hasScannedForEncodings = 0;
			knownRegions = (
				en,
				Base,
			);
			mainGroup = 8651006C276891D100CFDDE9;
			productRefGroup = 86510076276891D100CFDDE9 /* Products */;
			projectDirPath = "";
			projectRoot = "";
			targets = (
				86510074276891D100CFDDE9 /* OddEven */,
			);
		};
/* End PBXProject section */

/* Begin PBXResourcesBuildPhase section */
		86510073276891D100CFDDE9 /* Resources */ = {
			isa = PBXResourcesBuildPhase;
			buildActionMask = 2147483647;
			files = (
				86510085276891D200CFDDE9 /* LaunchScreen.storyboard in Resources */,
				8651008D2768931100CFDDE9 /* BG6.jpg in Resources */,
				86510082276891D200CFDDE9 /* Assets.xcassets in Resources */,
				86510080276891D100CFDDE9 /* Main.storyboard in Resources */,
			);
			runOnlyForDeploymentPostprocessing = 0;
		};
/* End PBXResourcesBuildPhase section */

/* Begin PBXSourcesBuildPhase section */
		86510071276891D100CFDDE9 /* Sources */ = {
			isa = PBXSourcesBuildPhase;
			buildActionMask = 2147483647;
			files = (
				8651007D276891D100CFDDE9 /* ViewController.swift in Sources */,
				86510079276891D100CFDDE9 /* AppDelegate.swift in Sources */,
				8651007B276891D100CFDDE9 /* SceneDelegate.swift in Sources */,
			);
			runOnlyForDeploymentPostprocessing = 0;
		};
/* End PBXSourcesBuildPhase section */

/* Begin PBXVariantGroup section */
		8651007E276891D100CFDDE9 /* Main.storyboard */ = {
			isa = PBXVariantGroup;
			children = (
				8651007F276891D100CFDDE9 /* Base */,
			);
			name = Main.storyboard;
			sourceTree = "<group>";
		};
		86510083276891D200CFDDE9 /* LaunchScreen.storyboard */ = {
			isa = PBXVariantGroup;
			children = (
				86510084276891D200CFDDE9 /* Base */,
			);
			name = LaunchScreen.storyboard;
			sourceTree = "<group>";
		};
/* End PBXVariantGroup section */

/* Begin XCBuildConfiguration section */
		86510087276891D200CFDDE9 /* Debug */ = {
			isa = XCBuildConfiguration;
			buildSettings = {
				ALWAYS_SEARCH_USER_PATHS = NO;
				CLANG_ANALYZER_NONNULL = YES;
				CLANG_ANALYZER_NUMBER_OBJECT_CONVERSION = YES_AGGRESSIVE;
				CLANG_CXX_LANGUAGE_STANDARD = "gnu++14";
				CLANG_CXX_LIBRARY = "libc++";
				CLANG_ENABLE_MODULES = YES;
				CLANG_ENABLE_OBJC_ARC = YES;
				CLANG_ENABLE_OBJC_WEAK = YES;
				CLANG_WARN_BLOCK_CAPTURE_AUTORELEASING = YES;
				CLANG_WARN_BOOL_CONVERSION = YES;
				CLANG_WARN_COMMA = YES;
				CLANG_WARN_CONSTANT_CONVERSION = YES;
				CLANG_WARN_DEPRECATED_OBJC_IMPLEMENTATIONS = YES;
				CLANG_WARN_DIRECT_OBJC_ISA_USAGE = YES_ERROR;
				CLANG_WARN_DOCUMENTATION_COMMENTS = YES;
				CLANG_WARN_EMPTY_BODY = YES;
				CLANG_WARN_ENUM_CONVERSION = YES;
				CLANG_WARN_INFINITE_RECURSION = YES;
				CLANG_WARN_INT_CONVERSION = YES;
				CLANG_WARN_NON_LITERAL_NULL_CONVERSION = YES;
				CLANG_WARN_OBJC_IMPLICIT_RETAIN_SELF = YES;
				CLANG_WARN_OBJC_LITERAL_CONVERSION = YES;
				CLANG_WARN_OBJC_ROOT_CLASS = YES_ERROR;
				CLANG_WARN_RANGE_LOOP_ANALYSIS = YES;
				CLANG_WARN_STRICT_PROTOTYPES = YES;
				CLANG_WARN_SUSPICIOUS_MOVE = YES;
				CLANG_WARN_UNGUARDED_AVAILABILITY = YES_AGGRESSIVE;
				CLANG_WARN_UNREACHABLE_CODE = YES;
				CLANG_WARN__DUPLICATE_METHOD_MATCH = YES;
				COPY_PHASE_STRIP = NO;
				DEBUG_INFORMATION_FORMAT = dwarf;
				ENABLE_STRICT_OBJC_MSGSEND = YES;
				ENABLE_TESTABILITY = YES;
				GCC_C_LANGUAGE_STANDARD = gnu11;
				GCC_DYNAMIC_NO_PIC = NO;
				GCC_NO_COMMON_BLOCKS = YES;
				GCC_OPTIMIZATION_LEVEL = 0;
				GCC_PREPROCESSOR_DEFINITIONS = (
					"DEBUG=1",
					"$(inherited)",
				);
				GCC_WARN_64_TO_32_BIT_CONVERSION = YES;
				GCC_WARN_ABOUT_RETURN_TYPE = YES_ERROR;
				GCC_WARN_UNDECLARED_SELECTOR = YES;
				GCC_WARN_UNINITIALIZED_AUTOS = YES_AGGRESSIVE;
				GCC_WARN_UNUSED_FUNCTION = YES;
				GCC_WARN_UNUSED_VARIABLE = YES;
				IPHONEOS_DEPLOYMENT_TARGET = 13.7;
				MTL_ENABLE_DEBUG_INFO = INCLUDE_SOURCE;
				MTL_FAST_MATH = YES;
				ONLY_ACTIVE_ARCH = YES;
				SDKROOT = iphoneos;
				SWIFT_ACTIVE_COMPILATION_CONDITIONS = DEBUG;
				SWIFT_OPTIMIZATION_LEVEL = "-Onone";
			};
			name = Debug;
		};
		86510088276891D200CFDDE9 /* Release */ = {
			isa = XCBuildConfiguration;
			buildSettings = {
				ALWAYS_SEARCH_USER_PATHS = NO;
				CLANG_ANALYZER_NONNULL = YES;
				CLANG_ANALYZER_NUMBER_OBJECT_CONVERSION = YES_AGGRESSIVE;
				CLANG_CXX_LANGUAGE_STANDARD = "gnu++14";
				CLANG_CXX_LIBRARY = "libc++";
				CLANG_ENABLE_MODULES = YES;
				CLANG_ENABLE_OBJC_ARC = YES;
				CLANG_ENABLE_OBJC_WEAK = YES;
				CLANG_WARN_BLOCK_CAPTURE_AUTORELEASING = YES;
				CLANG_WARN_BOOL_CONVERSION = YES;
				CLANG_WARN_COMMA = YES;
				CLANG_WARN_CONSTANT_CONVERSION = YES;
				CLANG_WARN_DEPRECATED_OBJC_IMPLEMENTATIONS = YES;
				CLANG_WARN_DIRECT_OBJC_ISA_USAGE = YES_ERROR;
				CLANG_WARN_DOCUMENTATION_COMMENTS = YES;
				CLANG_WARN_EMPTY_BODY = YES;
				CLANG_WARN_ENUM_CONVERSION = YES;
				CLANG_WARN_INFINITE_RECURSION = YES;
				CLANG_WARN_INT_CONVERSION = YES;
				CLANG_WARN_NON_LITERAL_NULL_CONVERSION = YES;
				CLANG_WARN_OBJC_IMPLICIT_RETAIN_SELF = YES;
				CLANG_WARN_OBJC_LITERAL_CONVERSION = YES;
				CLANG_WARN_OBJC_ROOT_CLASS = YES_ERROR;
				CLANG_WARN_RANGE_LOOP_ANALYSIS = YES;
				CLANG_WARN_STRICT_PROTOTYPES = YES;
				CLANG_WARN_SUSPICIOUS_MOVE = YES;
				CLANG_WARN_UNGUARDED_AVAILABILITY = YES_AGGRESSIVE;
				CLANG_WARN_UNREACHABLE_CODE = YES;
				CLANG_WARN__DUPLICATE_METHOD_MATCH = YES;
				COPY_PHASE_STRIP = NO;
				DEBUG_INFORMATION_FORMAT = "dwarf-with-dsym";
				ENABLE_NS_ASSERTIONS = NO;
				ENABLE_STRICT_OBJC_MSGSEND = YES;
				GCC_C_LANGUAGE_STANDARD = gnu11;
				GCC_NO_COMMON_BLOCKS = YES;
				GCC_WARN_64_TO_32_BIT_CONVERSION = YES;
				GCC_WARN_ABOUT_RETURN_TYPE = YES_ERROR;
				GCC_WARN_UNDECLARED_SELECTOR = YES;
				GCC_WARN_UNINITIALIZED_AUTOS = YES_AGGRESSIVE;
				GCC_WARN_UNUSED_FUNCTION = YES;
				GCC_WARN_UNUSED_VARIABLE = YES;
				IPHONEOS_DEPLOYMENT_TARGET = 13.7;
				MTL_ENABLE_DEBUG_INFO = NO;
				MTL_FAST_MATH = YES;
				SDKROOT = iphoneos;
				SWIFT_COMPILATION_MODE = wholemodule;
				SWIFT_OPTIMIZATION_LEVEL = "-O";
				VALIDATE_PRODUCT = YES;
			};
			name = Release;
		};
		8651008A276891D200CFDDE9 /* Debug */ = {
			isa = XCBuildConfiguration;
			buildSettings = {
				ASSETCATALOG_COMPILER_APPICON_NAME = AppIcon;
				CODE_SIGN_STYLE = Automatic;
				DEVELOPMENT_TEAM = 94CX9AUHLL;
				INFOPLIST_FILE = OddEven/Info.plist;
				LD_RUNPATH_SEARCH_PATHS = (
					"$(inherited)",
					"@executable_path/Frameworks",
				);
				PRODUCT_BUNDLE_IDENTIFIER = com.OddEven;
				PRODUCT_NAME = "$(TARGET_NAME)";
				SWIFT_VERSION = 5.0;
				TARGETED_DEVICE_FAMILY = "1,2";
			};
			name = Debug;
		};
		8651008B276891D200CFDDE9 /* Release */ = {
			isa = XCBuildConfiguration;
			buildSettings = {
				ASSETCATALOG_COMPILER_APPICON_NAME = AppIcon;
				CODE_SIGN_STYLE = Automatic;
				DEVELOPMENT_TEAM = 94CX9AUHLL;
				INFOPLIST_FILE = OddEven/Info.plist;
				LD_RUNPATH_SEARCH_PATHS = (
					"$(inherited)",
					"@executable_path/Frameworks",
				);
				PRODUCT_BUNDLE_IDENTIFIER = com.OddEven;
				PRODUCT_NAME = "$(TARGET_NAME)";
				SWIFT_VERSION = 5.0;
				TARGETED_DEVICE_FAMILY = "1,2";
			};
			name = Release;
		};
/* End XCBuildConfiguration section */

/* Begin XCConfigurationList section */
		86510070276891D100CFDDE9 /* Build configuration list for PBXProject "OddEven" */ = {
			isa = XCConfigurationList;
			buildConfigurations = (
				86510087276891D200CFDDE9 /* Debug */,
				86510088276891D200CFDDE9 /* Release */,
			);
			defaultConfigurationIsVisible = 0;
			defaultConfigurationName = Release;
		};
		86510089276891D200CFDDE9 /* Build configuration list for PBXNativeTarget "OddEven" */ = {
			isa = XCConfigurationList;
			buildConfigurations = (
				8651008A276891D200CFDDE9 /* Debug */,
				8651008B276891D200CFDDE9 /* Release */,
			);
			defaultConfigurationIsVisible = 0;
			defaultConfigurationName = Release;
		};
/* End XCConfigurationList section */
	};
	rootObject = 8651006D276891D100CFDDE9 /* Project object */;
}
